{
  "version": "5",
  "specifiers": {
    "npm:feather-icons@4.29.2": "4.29.2",
    "npm:heroicons@1.0.6": "1.0.6",
    "npm:heroicons@2.2.0": "2.2.0",
    "npm:lucide-static@1.47.0": "1.47.0",
    "npm:simple-icons@16.33.0": "16.33.0"
  },
  "npm": {
    "classnames@2.5.1": {
      "integrity": "sha512-saHYOzhIQs6wy2sVxTM6bUDsQO4F50V9RQ22qBpEdCW+I+/Wmke2HOl6lS6dTpdxVhb88/I6+Hs+438c3lfUow=="
    },
    "core-js@3.50.0": {
      "integrity": "sha512-BRWgOLKkFeCgRudR6zrs8p9XJZcE14grzKMMssoYrk6krtuEZ7MTKPIY5RzOnqsEKIR9kst7wNzphttraT+Yqw==",
      "scripts": true
    },
    "feather-icons@4.29.2": {
      "integrity": "sha512-0TaCFTnBTVCz6U+baY2UJNKne5ifGh7sMG4ZC2LoBWCZdIyPa+y6UiR4lEYGws1JOFWdee8KAsAIvu0VcXqiqA==",
      "dependencies": [
        "classnames",
        "core-js"
      ]
    },
    "heroicons@1.0.6": {
      "integrity": "sha512-5bxTsG2hyNBF0l+BrFlZlR5YngQNMfl0ggJjIRkMSADBQbaZMoTg47OIQzq6f1mpEZ85HEIgSC4wt5AeFM9J2Q=="
    },
    "heroicons@2.2.0": {
      "integrity": "sha512-yOwvztmNiBWqR946t+JdgZmyzEmnRMC2nxvHFC90bF1SUttwB6yJKYeme1JeEcBfobdOs827nCyiWBS2z/brog=="
    },
    "lucide-static@1.47.0": {
      "integrity": "sha512-yWIrkdXc688Feq5VjOktsKmV5Ikc7y5Nu3rrdtbr8nWjkJWk8QlnZfVtIak22Af+fNhZ7k4cTJpZo1zmj7X5sA=="
    },
    "simple-icons@16.33.0": {
      "integrity": "sha512-z14u6A8ngAg9mgERRsNO8YkjIMefehIpBk7A8Dz3Gd91945qFP19MLPSHgV4z8P5u/MRYd5e07OTzaDoB4d6qA=="
    }
  },
  "workspace": {
    "dependencies": [
      "jsr:@spy4x/platform@1.10.0",
      "jsr:@spy4x/time@1.10.0",
      "jsr:@spy4x/validation@1.10.0",
      "jsr:@std/assert@1.0.19",
      "jsr:@std/expect@1.0.20",
      "jsr:@std/path@1.1.6",
      "jsr:@std/testing@1.0.20",
      "npm:@preact/signals-core@1.12.1",
      "npm:@preact/signals@2.5.1",
      "npm:arktype@2.2.3",
      "npm:preact-render-to-string@6.7.0",
      "npm:preact@10.29.8",
      "npm:tailwind-merge@3.7.0",
      "npm:tailwindcss@4.1.12",
      "npm:wouter-preact@3.9.0"
    ],
    "members": {
      "map": {
        "dependencies": [
          "npm:@types/leaflet@1.9.22",
          "npm:leaflet@1.9.4"
        ]
      },
      "pages": {
        "dependencies": [
          "npm:@tailwindcss/oxide@4.1.12"
        ]
      },
      "theme": {
        "dependencies": [
          "npm:@tailwindcss/oxide@4.1.12"
        ]
      },
      "ui-guide": {
        "dependencies": [
          "jsr:@std/jsonc@1.0.2"
        ]
      }
    }
  }
}
